// !$*UTF8*$!
{
	archiveVersion = 1;
	classes = {
	};
	objectVersion = 77;
	objects = {

/* Begin PBXBuildFile section */
		1C3BAAC02E57205B004D83AC /* FirebaseAuth in Frameworks */ = {isa = PBXBuildFile; productRef = 1C3BAABF2E57205B004D83AC /* FirebaseAuth */; };
		1C3BAAC22E57205B004D83AC /* FirebaseFirestore in Frameworks */ = {isa = PBXBuildFile; productRef = 1C3BAAC12E57205B004D83AC /* FirebaseFirestore */; };
		1CB515D02E7AF56D0050FFA6 /* NSFWDetector in Frameworks */ = {isa = PBXBuildFile; productRef = 1CB515CF2E7AF56D0050FFA6 /* NSFWDetector */; };
/* End PBXBuildFile section */

/* Begin PBXContainerItemProxy section */
		1C370B3A2E565C2800A13271 /* PBXContainerItemProxy */ = {
			isa = PBXContainerItemProxy;
			containerPortal = 1C370B242E565C2600A13271 /* Project object */;
			proxyType = 1;
			remoteGlobalIDString = 1C370B2B2E565C2600A13271;
			remoteInfo = Flowt;
		};
		1C370B442E565C2800A13271 /* PBXContainerItemProxy */ = {
			isa = PBXContainerItemProxy;
			containerPortal = 1C370B242E565C2600A13271 /* Project object */;
			proxyType = 1;
			remoteGlobalIDString = 1C370B2B2E565C2600A13271;
			remoteInfo = Flowt;
		};
/* End PBXContainerItemProxy section */

/* Begin PBXFileReference section */
		1C370B2C2E565C2600A13271 /* Flowt.app */ = {isa = PBXFileReference; explicitFileType = wrapper.application; includeInIndex = 0; path = Flowt.app; sourceTree = BUILT_PRODUCTS_DIR; };
		1C370B392E565C2800A13271 /* FlowtTests.xctest */ = {isa = PBXFileReference; explicitFileType = wrapper.cfbundle; includeInIndex = 0; path = FlowtTests.xctest; sourceTree = BUILT_PRODUCTS_DIR; };
		1C370B432E565C2800A13271 /* FlowtUITests.xctest */ = {isa = PBXFileReference; explicitFileType = wrapper.cfbundle; includeInIndex = 0; path = FlowtUITests.xctest; sourceTree = BUILT_PRODUCTS_DIR; };
/* End PBXFileReference section */

/* Begin PBXFileSystemSynchronizedBuildFileExceptionSet section */
		1CA4A6792E96763000EF9594 /* Exceptions for "Flowt" folder in "Flowt" target */ = {
			isa = PBXFileSystemSynchronizedBuildFileExceptionSet;
			membershipExceptions = (
				Info.plist,
			);
			target = 1C370B2B2E565C2600A13271 /* Flowt */;
		};
/* End PBXFileSystemSynchronizedBuildFileExceptionSet section */

/* Begin PBXFileSystemSynchronizedRootGroup section */
		1C370B2E2E565C2600A13271 /* Flowt */ = {
			isa = PBXFileSystemSynchronizedRootGroup;
			exceptions = (
				1CA4A6792E96763000EF9594 /* Exceptions for "Flowt" folder in "Flowt" target */,
			);
			path = Flowt;
			sourceTree = "<group>";
		};
		1C370B3C2E565C2800A13271 /* FlowtTests */ = {
			isa = PBXFileSystemSynchronizedRootGroup;
			path = FlowtTests;
			sourceTree = "<group>";
		};
		1C370B462E565C2800A13271 /* FlowtUITests */ = {
			isa = PBXFileSystemSynchronizedRootGroup;
			path = FlowtUITests;
			sourceTree = "<group>";
		};
/* End PBXFileSystemSynchronizedRootGroup section */

/* Begin PBXFrameworksBuildPhase section */
		1C370B292E565C2600A13271 /* Frameworks */ = {
			isa = PBXFrameworksBuildPhase;
			buildActionMask = 2147483647;
			files = (
				1CB515D02E7AF56D0050FFA6 /* NSFWDetector in Frameworks */,
				1C3BAAC02E57205B004D83AC /* FirebaseAuth in Frameworks */,
				1C3BAAC22E57205B004D83AC /* FirebaseFirestore in Frameworks */,
			);
			runOnlyForDeploymentPostprocessing = 0;
		};
		1C370B362E565C2800A13271 /* Frameworks */ = {
			isa = PBXFrameworksBuildPhase;
			buildActionMask = 2147483647;
			files = (
			);
			runOnlyForDeploymentPostprocessing = 0;
		};
		1C370B402E565C2800A13271 /* Frameworks */ = {
			isa = PBXFrameworksBuildPhase;
			buildActionMask = 2147483647;
			files = (
			);
			runOnlyForDeploymentPostprocessing = 0;
		};
/* End PBXFrameworksBuildPhase section */

/* Begin PBXGroup section */
		1C370B232E565C2600A13271 = {
			isa = PBXGroup;
			children = (
				1C370B2E2E565C2600A13271 /* Flowt */,
				1C370B3C2E565C2800A13271 /* FlowtTests */,
				1C370B462E565C2800A13271 /* FlowtUITests */,
				1C5D5A902E58C78E00DF0335 /* Frameworks */,
				1C370B2D2E565C2600A13271 /* Products */,
			);
			sourceTree = "<group>";
		};
		1C370B2D2E565C2600A13271 /* Products */ = {
			isa = PBXGroup;
			children = (
				1C370B2C2E565C2600A13271 /* Flowt.app */,
				1C370B392E565C2800A13271 /* FlowtTests.xctest */,
				1C370B432E565C2800A13271 /* FlowtUITests.xctest */,
			);
			name = Products;
			sourceTree = "<group>";
		};
		1C5D5A902E58C78E00DF0335 /* Frameworks */ = {
			isa = PBXGroup;
			children = (
			);
			name = Frameworks;
			sourceTree = "<group>";
		};
/* End PBXGroup section */

/* Begin PBXNativeTarget section */
		1C370B2B2E565C2600A13271 /* Flowt */ = {
			isa = PBXNativeTarget;
			buildConfigurationList = 1C370B4D2E565C2800A13271 /* Build configuration list for PBXNativeTarget "Flowt" */;
			buildPhases = (
				1C370B282E565C2600A13271 /* Sources */,
				1C370B292E565C2600A13271 /* Frameworks */,
				1C370B2A2E565C2600A13271 /* Resources */,
			);
			buildRules = (
			);
			dependencies = (
			);
			fileSystemSynchronizedGroups = (
				1C370B2E2E565C2600A13271 /* Flowt */,
			);
			name = Flowt;
			packageProductDependencies = (
				1C3BAABF2E57205B004D83AC /* FirebaseAuth */,
				1C3BAAC12E57205B004D83AC /* FirebaseFirestore */,
				1CB515CF2E7AF56D0050FFA6 /* NSFWDetector */,
			);
			productName = Flowt;
			productReference = 1C370B2C2E565C2600A13271 /* Flowt.app */;
			productType = "com.apple.product-type.application";
		};
		1C370B382E565C2800A13271 /* FlowtTests */ = {
			isa = PBXNativeTarget;
			buildConfigurationList = 1C370B502E565C2800A13271 /* Build configuration list for PBXNativeTarget "FlowtTests" */;
			buildPhases = (
				1C370B352E565C2800A13271 /* Sources */,
				1C370B362E565C2800A13271 /* Frameworks */,
				1C370B372E565C2800A13271 /* Resources */,
			);
			buildRules = (
			);
			dependencies = (
				1C370B3B2E565C2800A13271 /* PBXTargetDependency */,
			);
			fileSystemSynchronizedGroups = (
				1C370B3C2E565C2800A13271 /* FlowtTests */,
			);
			name = FlowtTests;
			packageProductDependencies = (
			);
			productName = FlowtTests;
			productReference = 1C370B392E565C2800A13271 /* FlowtTests.xctest */;
			productType = "com.apple.product-type.bundle.unit-test";
		};
		1C370B422E565C2800A13271 /* FlowtUITests */ = {
			isa = PBXNativeTarget;
			buildConfigurationList = 1C370B532E565C2800A13271 /* Build configuration list for PBXNativeTarget "FlowtUITests" */;
			buildPhases = (
				1C370B3F2E565C2800A13271 /* Sources */,
				1C370B402E565C2800A13271 /* Frameworks */,
				1C370B412E565C2800A13271 /* Resources */,
			);
			buildRules = (
			);
			dependencies = (
				1C370B452E565C2800A13271 /* PBXTargetDependency */,
			);
			fileSystemSynchronizedGroups = (
				1C370B462E565C2800A13271 /* FlowtUITests */,
			);
			name = FlowtUITests;
			packageProductDependencies = (
			);
			productName = FlowtUITests;
			productReference = 1C370B432E565C2800A13271 /* FlowtUITests.xctest */;
			productType = "com.apple.product-type.bundle.ui-testing";
		};
/* End PBXNativeTarget section */

/* Begin PBXProject section */
		1C370B242E565C2600A13271 /* Project object */ = {
			isa = PBXProject;
			attributes = {
				BuildIndependentTargetsInParallel = 1;
				LastSwiftUpdateCheck = 1630;
				LastUpgradeCheck = 2600;
				TargetAttributes = {
					1C370B2B2E565C2600A13271 = {
						CreatedOnToolsVersion = 16.3;
					};
					1C370B382E565C2800A13271 = {
						CreatedOnToolsVersion = 16.3;
						TestTargetID = 1C370B2B2E565C2600A13271;
					};
					1C370B422E565C2800A13271 = {
						CreatedOnToolsVersion = 16.3;
						TestTargetID = 1C370B2B2E565C2600A13271;
					};
				};
			};
			buildConfigurationList = 1C370B272E565C2600A13271 /* Build configuration list for PBXProject "Flowt" */;
			developmentRegion = en;
			hasScannedForEncodings = 0;
			knownRegions = (
				en,
				Base,
			);
			mainGroup = 1C370B232E565C2600A13271;
			minimizedProjectReferenceProxies = 1;
			packageReferences = (
				1C3BAABE2E57205B004D83AC /* XCRemoteSwiftPackageReference "firebase-ios-sdk" */,
				1CB515CE2E7AF56D0050FFA6 /* XCRemoteSwiftPackageReference "NSFWDetector" */,
			);
			preferredProjectObjectVersion = 77;
			productRefGroup = 1C370B2D2E565C2600A13271 /* Products */;
			projectDirPath = "";
			projectRoot = "";
			targets = (
				1C370B2B2E565C2600A13271 /* Flowt */,
				1C370B382E565C2800A13271 /* FlowtTests */,
				1C370B422E565C2800A13271 /* FlowtUITests */,
			);
		};
/* End PBXProject section */

/* Begin PBXResourcesBuildPhase section */
		1C370B2A2E565C2600A13271 /* Resources */ = {
			isa = PBXResourcesBuildPhase;
			buildActionMask = 2147483647;
			files = (
			);
			runOnlyForDeploymentPostprocessing = 0;
		};
		1C370B372E565C2800A13271 /* Resources */ = {
			isa = PBXResourcesBuildPhase;
			buildActionMask = 2147483647;
			files = (
			);
			runOnlyForDeploymentPostprocessing = 0;
		};
		1C370B412E565C2800A13271 /* Resources */ = {
			isa = PBXResourcesBuildPhase;
			buildActionMask = 2147483647;
			files = (
			);
			runOnlyForDeploymentPostprocessing = 0;
		};
/* End PBXResourcesBuildPhase section */

/* Begin PBXSourcesBuildPhase section */
		1C370B282E565C2600A13271 /* Sources */ = {
			isa = PBXSourcesBuildPhase;
			buildActionMask = 2147483647;
			files = (
			);
			runOnlyForDeploymentPostprocessing = 0;
		};
		1C370B352E565C2800A13271 /* Sources */ = {
			isa = PBXSourcesBuildPhase;
			buildActionMask = 2147483647;
			files = (
			);
			runOnlyForDeploymentPostprocessing = 0;
		};
		1C370B3F2E565C2800A13271 /* Sources */ = {
			isa = PBXSourcesBuildPhase;
			buildActionMask = 2147483647;
			files = (
			);
			runOnlyForDeploymentPostprocessing = 0;
		};
/* End PBXSourcesBuildPhase section */

/* Begin PBXTargetDependency section */
		1C370B3B2E565C2800A13271 /* PBXTargetDependency */ = {
			isa = PBXTargetDependency;
			target = 1C370B2B2E565C2600A13271 /* Flowt */;
			targetProxy = 1C370B3A2E565C2800A13271 /* PBXContainerItemProxy */;
		};
		1C370B452E565C2800A13271 /* PBXTargetDependency */ = {
			isa = PBXTargetDependency;
			target = 1C370B2B2E565C2600A13271 /* Flowt */;
			targetProxy = 1C370B442E565C2800A13271 /* PBXContainerItemProxy */;
		};
/* End PBXTargetDependency section */

/* Begin XCBuildConfiguration section */
		1C370B4B2E565C2800A13271 /* Debug */ = {
			isa = XCBuildConfiguration;
			buildSettings = {
				ALWAYS_SEARCH_USER_PATHS = NO;
				ASSETCATALOG_COMPILER_GENERATE_SWIFT_ASSET_SYMBOL_EXTENSIONS = YES;
				CLANG_ANALYZER_NONNULL = YES;
				CLANG_ANALYZER_NUMBER_OBJECT_CONVERSION = YES_AGGRESSIVE;
				CLANG_CXX_LANGUAGE_STANDARD = "gnu++20";
				CLANG_ENABLE_MODULES = YES;
				CLANG_ENABLE_OBJC_ARC = YES;
				CLANG_ENABLE_OBJC_WEAK = YES;
				CLANG_WARN_BLOCK_CAPTURE_AUTORELEASING = YES;
				CLANG_WARN_BOOL_CONVERSION = YES;
				CLANG_WARN_COMMA = YES;
				CLANG_WARN_CONSTANT_CONVERSION = YES;
				CLANG_WARN_DEPRECATED_OBJC_IMPLEMENTATIONS = YES;
				CLANG_WARN_DIRECT_OBJC_ISA_USAGE = YES_ERROR;
				CLANG_WARN_DOCUMENTATION_COMMENTS = YES;
				CLANG_WARN_EMPTY_BODY = YES;
				CLANG_WARN_ENUM_CONVERSION = YES;
				CLANG_WARN_INFINITE_RECURSION = YES;
				CLANG_WARN_INT_CONVERSION = YES;
				CLANG_WARN_NON_LITERAL_NULL_CONVERSION = YES;
				CLANG_WARN_OBJC_IMPLICIT_RETAIN_SELF = YES;
				CLANG_WARN_OBJC_LITERAL_CONVERSION = YES;
				CLANG_WARN_OBJC_ROOT_CLASS = YES_ERROR;
				CLANG_WARN_QUOTED_INCLUDE_IN_FRAMEWORK_HEADER = YES;
				CLANG_WARN_RANGE_LOOP_ANALYSIS = YES;
				CLANG_WARN_STRICT_PROTOTYPES = YES;
				CLANG_WARN_SUSPICIOUS_MOVE = YES;
				CLANG_WARN_UNGUARDED_AVAILABILITY = YES_AGGRESSIVE;
				CLANG_WARN_UNREACHABLE_CODE = YES;
				CLANG_WARN__DUPLICATE_METHOD_MATCH = YES;
				COPY_PHASE_STRIP = NO;
				DEBUG_INFORMATION_FORMAT = dwarf;
				DEVELOPMENT_TEAM = KV29DSPCB2;
				ENABLE_STRICT_OBJC_MSGSEND = YES;
				ENABLE_TESTABILITY = YES;
				ENABLE_USER_SCRIPT_SANDBOXING = YES;
				GCC_C_LANGUAGE_STANDARD = gnu17;
				GCC_DYNAMIC_NO_PIC = NO;
				GCC_NO_COMMON_BLOCKS = YES;
				GCC_OPTIMIZATION_LEVEL = 0;
				GCC_PREPROCESSOR_DEFINITIONS = (
					"DEBUG=1",
					"$(inherited)",
				);
				GCC_WARN_64_TO_32_BIT_CONVERSION = YES;
				GCC_WARN_ABOUT_RETURN_TYPE = YES_ERROR;
				GCC_WARN_UNDECLARED_SELECTOR = YES;
				GCC_WARN_UNINITIALIZED_AUTOS = YES_AGGRESSIVE;
				GCC_WARN_UNUSED_FUNCTION = YES;
				GCC_WARN_UNUSED_VARIABLE = YES;
				IPHONEOS_DEPLOYMENT_TARGET = 18.4;
				LOCALIZATION_PREFERS_STRING_CATALOGS = YES;
				MTL_ENABLE_DEBUG_INFO = INCLUDE_SOURCE;
				MTL_FAST_MATH = YES;
				ONLY_ACTIVE_ARCH = YES;
				SDKROOT = iphoneos;
				STRING_CATALOG_GENERATE_SYMBOLS = YES;
				SWIFT_ACTIVE_COMPILATION_CONDITIONS = "DEBUG $(inherited)";
				SWIFT_OPTIMIZATION_LEVEL = "-Onone";
			};
			name = Debug;
		};
		1C370B4C2E565C2800A13271 /* Release */ = {
			isa = XCBuildConfiguration;
			buildSettings = {
				ALWAYS_SEARCH_USER_PATHS = NO;
				ASSETCATALOG_COMPILER_GENERATE_SWIFT_ASSET_SYMBOL_EXTENSIONS = YES;
				CLANG_ANALYZER_NONNULL = YES;
				CLANG_ANALYZER_NUMBER_OBJECT_CONVERSION = YES_AGGRESSIVE;
				CLANG_CXX_LANGUAGE_STANDARD = "gnu++20";
				CLANG_ENABLE_MODULES = YES;
				CLANG_ENABLE_OBJC_ARC = YES;
				CLANG_ENABLE_OBJC_WEAK = YES;
				CLANG_WARN_BLOCK_CAPTURE_AUTORELEASING = YES;
				CLANG_WARN_BOOL_CONVERSION = YES;
				CLANG_WARN_COMMA = YES;
				CLANG_WARN_CONSTANT_CONVERSION = YES;
				CLANG_WARN_DEPRECATED_OBJC_IMPLEMENTATIONS = YES;
				CLANG_WARN_DIRECT_OBJC_ISA_USAGE = YES_ERROR;
				CLANG_WARN_DOCUMENTATION_COMMENTS = YES;
				CLANG_WARN_EMPTY_BODY = YES;
				CLANG_WARN_ENUM_CONVERSION = YES;
				CLANG_WARN_INFINITE_RECURSION = YES;
				CLANG_WARN_INT_CONVERSION = YES;
				CLANG_WARN_NON_LITERAL_NULL_CONVERSION = YES;
				CLANG_WARN_OBJC_IMPLICIT_RETAIN_SELF = YES;
				CLANG_WARN_OBJC_LITERAL_CONVERSION = YES;
				CLANG_WARN_OBJC_ROOT_CLASS = YES_ERROR;
				CLANG_WARN_QUOTED_INCLUDE_IN_FRAMEWORK_HEADER = YES;
				CLANG_WARN_RANGE_LOOP_ANALYSIS = YES;
				CLANG_WARN_STRICT_PROTOTYPES = YES;
				CLANG_WARN_SUSPICIOUS_MOVE = YES;
				CLANG_WARN_UNGUARDED_AVAILABILITY = YES_AGGRESSIVE;
				CLANG_WARN_UNREACHABLE_CODE = YES;
				CLANG_WARN__DUPLICATE_METHOD_MATCH = YES;
				COPY_PHASE_STRIP = NO;
				DEBUG_INFORMATION_FORMAT = "dwarf-with-dsym";
				DEVELOPMENT_TEAM = KV29DSPCB2;
				ENABLE_NS_ASSERTIONS = NO;
				ENABLE_STRICT_OBJC_MSGSEND = YES;
				ENABLE_USER_SCRIPT_SANDBOXING = YES;
				GCC_C_LANGUAGE_STANDARD = gnu17;
				GCC_NO_COMMON_BLOCKS = YES;
				GCC_WARN_64_TO_32_BIT_CONVERSION = YES;
				GCC_WARN_ABOUT_RETURN_TYPE = YES_ERROR;
				GCC_WARN_UNDECLARED_SELECTOR = YES;
				GCC_WARN_UNINITIALIZED_AUTOS = YES_AGGRESSIVE;
				GCC_WARN_UNUSED_FUNCTION = YES;
				GCC_WARN_UNUSED_VARIABLE = YES;
				IPHONEOS_DEPLOYMENT_TARGET = 18.4;
				LOCALIZATION_PREFERS_STRING_CATALOGS = YES;
				MTL_ENABLE_DEBUG_INFO = NO;
				MTL_FAST_MATH = YES;
				SDKROOT = iphoneos;
				STRING_CATALOG_GENERATE_SYMBOLS = YES;
				SWIFT_COMPILATION_MODE = wholemodule;
				VALIDATE_PRODUCT = YES;
			};
			name = Release;
		};
		1C370B4E2E565C2800A13271 /* Debug */ = {
			isa = XCBuildConfiguration;
			buildSettings = {
				ASSETCATALOG_COMPILER_APPICON_NAME = AppIcon;
				ASSETCATALOG_COMPILER_GLOBAL_ACCENT_COLOR_NAME = AccentColor;
				CODE_SIGN_ENTITLEMENTS = Flowt/Flowt.entitlements;
				CODE_SIGN_STYLE = Automatic;
				CURRENT_PROJECT_VERSION = 1;
				DEVELOPMENT_TEAM = KV29DSPCB2;
				ENABLE_PREVIEWS = YES;
				GENERATE_INFOPLIST_FILE = YES;
				INFOPLIST_FILE = Flowt/Info.plist;
				INFOPLIST_KEY_CFBundleDisplayName = Flowt;
				INFOPLIST_KEY_LSApplicationCategoryType = "public.app-category.strategy-games";
				INFOPLIST_KEY_UIApplicationSceneManifest_Generation = YES;
				INFOPLIST_KEY_UIApplicationSupportsIndirectInputEvents = YES;
				INFOPLIST_KEY_UILaunchScreen_Generation = YES;
				INFOPLIST_KEY_UIRequiresFullScreen = YES;
				INFOPLIST_KEY_UISupportedInterfaceOrientations = UIInterfaceOrientationPortrait;
				IPHONEOS_DEPLOYMENT_TARGET = 17.0;
				LD_RUNPATH_SEARCH_PATHS = (
					"$(inherited)",
					"@executable_path/Frameworks",
				);
				MARKETING_VERSION = 1.0;
				PRODUCT_BUNDLE_IDENTIFIER = com.drab.Flowt;
				PRODUCT_NAME = "$(TARGET_NAME)";
				SUPPORTED_PLATFORMS = "iphoneos iphonesimulator";
				SUPPORTS_MACCATALYST = NO;
				SUPPORTS_MAC_DESIGNED_FOR_IPHONE_IPAD = NO;
				SUPPORTS_XR_DESIGNED_FOR_IPHONE_IPAD = NO;
				SWIFT_EMIT_LOC_STRINGS = YES;
				SWIFT_VERSION = 5.0;
				TARGETED_DEVICE_FAMILY = 1;
			};
			name = Debug;
		};
		1C370B4F2E565C2800A13271 /* Release */ = {
			isa = XCBuildConfiguration;
			buildSettings = {
				ASSETCATALOG_COMPILER_APPICON_NAME = AppIcon;
				ASSETCATALOG_COMPILER_GLOBAL_ACCENT_COLOR_NAME = AccentColor;
				CODE_SIGN_ENTITLEMENTS = Flowt/Flowt.entitlements;
				CODE_SIGN_STYLE = Automatic;
				CURRENT_PROJECT_VERSION = 1;
				DEVELOPMENT_TEAM = KV29DSPCB2;
				ENABLE_PREVIEWS = YES;
				GENERATE_INFOPLIST_FILE = YES;
				INFOPLIST_FILE = Flowt/Info.plist;
				INFOPLIST_KEY_CFBundleDisplayName = Flowt;
				INFOPLIST_KEY_LSApplicationCategoryType = "public.app-category.strategy-games";
				INFOPLIST_KEY_UIApplicationSceneManifest_Generation = YES;
				INFOPLIST_KEY_UIApplicationSupportsIndirectInputEvents = YES;
				INFOPLIST_KEY_UILaunchScreen_Generation = YES;
				INFOPLIST_KEY_UIRequiresFullScreen = YES;
				INFOPLIST_KEY_UISupportedInterfaceOrientations = UIInterfaceOrientationPortrait;
				IPHONEOS_DEPLOYMENT_TARGET = 17.0;
				LD_RUNPATH_SEARCH_PATHS = (
					"$(inherited)",
					"@executable_path/Frameworks",
				);
				MARKETING_VERSION = 1.0;
				PRODUCT_BUNDLE_IDENTIFIER = com.drab.Flowt;
				PRODUCT_NAME = "$(TARGET_NAME)";
				SUPPORTED_PLATFORMS = "iphoneos iphonesimulator";
				SUPPORTS_MACCATALYST = NO;
				SUPPORTS_MAC_DESIGNED_FOR_IPHONE_IPAD = NO;
				SUPPORTS_XR_DESIGNED_FOR_IPHONE_IPAD = NO;
				SWIFT_EMIT_LOC_STRINGS = YES;
				SWIFT_VERSION = 5.0;
				TARGETED_DEVICE_FAMILY = 1;
			};
			name = Release;
		};
		1C370B512E565C2800A13271 /* Debug */ = {
			isa = XCBuildConfiguration;
			buildSettings = {
				BUNDLE_LOADER = "$(TEST_HOST)";
				CODE_SIGN_STYLE = Automatic;
				CURRENT_PROJECT_VERSION = 1;
				DEVELOPMENT_TEAM = KV29DSPCB2;
				GENERATE_INFOPLIST_FILE = YES;
				IPHONEOS_DEPLOYMENT_TARGET = 18.4;
				MARKETING_VERSION = 1.0;
				PRODUCT_BUNDLE_IDENTIFIER = drab.FlowtTests;
				PRODUCT_NAME = "$(TARGET_NAME)";
				SWIFT_EMIT_LOC_STRINGS = NO;
				SWIFT_VERSION = 5.0;
				TARGETED_DEVICE_FAMILY = "1,2";
				TEST_HOST = "$(BUILT_PRODUCTS_DIR)/Flowt.app/$(BUNDLE_EXECUTABLE_FOLDER_PATH)/Flowt";
			};
			name = Debug;
		};
		1C370B522E565C2800A13271 /* Release */ = {
			isa = XCBuildConfiguration;
			buildSettings = {
				BUNDLE_LOADER = "$(TEST_HOST)";
				CODE_SIGN_STYLE = Automatic;
				CURRENT_PROJECT_VERSION = 1;
				DEVELOPMENT_TEAM = KV29DSPCB2;
				GENERATE_INFOPLIST_FILE = YES;
				IPHONEOS_DEPLOYMENT_TARGET = 18.4;
				MARKETING_VERSION = 1.0;
				PRODUCT_BUNDLE_IDENTIFIER = drab.FlowtTests;
				PRODUCT_NAME = "$(TARGET_NAME)";
				SWIFT_EMIT_LOC_STRINGS = NO;
				SWIFT_VERSION = 5.0;
				TARGETED_DEVICE_FAMILY = "1,2";
				TEST_HOST = "$(BUILT_PRODUCTS_DIR)/Flowt.app/$(BUNDLE_EXECUTABLE_FOLDER_PATH)/Flowt";
			};
			name = Release;
		};
		1C370B542E565C2800A13271 /* Debug */ = {
			isa = XCBuildConfiguration;
			buildSettings = {
				CODE_SIGN_STYLE = Automatic;
				CURRENT_PROJECT_VERSION = 1;
				DEVELOPMENT_TEAM = KV29DSPCB2;
				GENERATE_INFOPLIST_FILE = YES;
				MARKETING_VERSION = 1.0;
				PRODUCT_BUNDLE_IDENTIFIER = drab.FlowtUITests;
				PRODUCT_NAME = "$(TARGET_NAME)";
				SWIFT_EMIT_LOC_STRINGS = NO;
				SWIFT_VERSION = 5.0;
				TARGETED_DEVICE_FAMILY = "1,2";
				TEST_TARGET_NAME = Flowt;
			};
			name = Debug;
		};
		1C370B552E565C2800A13271 /* Release */ = {
			isa = XCBuildConfiguration;
			buildSettings = {
				CODE_SIGN_STYLE = Automatic;
				CURRENT_PROJECT_VERSION = 1;
				DEVELOPMENT_TEAM = KV29DSPCB2;
				GENERATE_INFOPLIST_FILE = YES;
				MARKETING_VERSION = 1.0;
				PRODUCT_BUNDLE_IDENTIFIER = drab.FlowtUITests;
				PRODUCT_NAME = "$(TARGET_NAME)";
				SWIFT_EMIT_LOC_STRINGS = NO;
				SWIFT_VERSION = 5.0;
				TARGETED_DEVICE_FAMILY = "1,2";
				TEST_TARGET_NAME = Flowt;
			};
			name = Release;
		};
/* End XCBuildConfiguration section */

/* Begin XCConfigurationList section */
		1C370B272E565C2600A13271 /* Build configuration list for PBXProject "Flowt" */ = {
			isa = XCConfigurationList;
			buildConfigurations = (
				1C370B4B2E565C2800A13271 /* Debug */,
				1C370B4C2E565C2800A13271 /* Release */,
			);
			defaultConfigurationIsVisible = 0;
			defaultConfigurationName = Release;
		};
		1C370B4D2E565C2800A13271 /* Build configuration list for PBXNativeTarget "Flowt" */ = {
			isa = XCConfigurationList;
			buildConfigurations = (
				1C370B4E2E565C2800A13271 /* Debug */,
				1C370B4F2E565C2800A13271 /* Release */,
			);
			defaultConfigurationIsVisible = 0;
			defaultConfigurationName = Release;
		};
		1C370B502E565C2800A13271 /* Build configuration list for PBXNativeTarget "FlowtTests" */ = {
			isa = XCConfigurationList;
			buildConfigurations = (
				1C370B512E565C2800A13271 /* Debug */,
				1C370B522E565C2800A13271 /* Release */,
			);
			defaultConfigurationIsVisible = 0;
			defaultConfigurationName = Release;
		};
		1C370B532E565C2800A13271 /* Build configuration list for PBXNativeTarget "FlowtUITests" */ = {
			isa = XCConfigurationList;
			buildConfigurations = (
				1C370B542E565C2800A13271 /* Debug */,
				1C370B552E565C2800A13271 /* Release */,
			);
			defaultConfigurationIsVisible = 0;
			defaultConfigurationName = Release;
		};
/* End XCConfigurationList section */

/* Begin XCRemoteSwiftPackageReference section */
		1C3BAABE2E57205B004D83AC /* XCRemoteSwiftPackageReference "firebase-ios-sdk" */ = {
			isa = XCRemoteSwiftPackageReference;
			repositoryURL = "https://github.com/firebase/firebase-ios-sdk";
			requirement = {
				kind = upToNextMajorVersion;
				minimumVersion = 12.1.0;
			};
		};
		1CB515CE2E7AF56D0050FFA6 /* XCRemoteSwiftPackageReference "NSFWDetector" */ = {
			isa = XCRemoteSwiftPackageReference;
			repositoryURL = "https://github.com/lovoo/NSFWDetector.git";
			requirement = {
				kind = upToNextMajorVersion;
				minimumVersion = 1.2.0;
			};
		};
/* End XCRemoteSwiftPackageReference section */

/* Begin XCSwiftPackageProductDependency section */
		1C3BAABF2E57205B004D83AC /* FirebaseAuth */ = {
			isa = XCSwiftPackageProductDependency;
			package = 1C3BAABE2E57205B004D83AC /* XCRemoteSwiftPackageReference "firebase-ios-sdk" */;
			productName = FirebaseAuth;
		};
		1C3BAAC12E57205B004D83AC /* FirebaseFirestore */ = {
			isa = XCSwiftPackageProductDependency;
			package = 1C3BAABE2E57205B004D83AC /* XCRemoteSwiftPackageReference "firebase-ios-sdk" */;
			productName = FirebaseFirestore;
		};
		1CB515CF2E7AF56D0050FFA6 /* NSFWDetector */ = {
			isa = XCSwiftPackageProductDependency;
			package = 1CB515CE2E7AF56D0050FFA6 /* XCRemoteSwiftPackageReference "NSFWDetector" */;
			productName = NSFWDetector;
		};
/* End XCSwiftPackageProductDependency section */
	};
	rootObject = 1C370B242E565C2600A13271 /* Project object */;
}
